
Microsoft Visual Studio Solution File, Format Version 12.00
# Visual Studio Version 17
VisualStudioVersion = 17.11.35208.52
MinimumVisualStudioVersion = 10.0.40219.1
Project("{FAE04EC0-301F-11D3-BF4B-00C04F79EFBC}") = "WebApplication15", "WebApplication15\WebApplication15.csproj", "{ACB18AEF-3D87-4784-86E9-48AA68E2A8C7}"
EndProject
Global
	GlobalSection(SolutionConfigurationPlatforms) = preSolution
		Debug|Any CPU = Debug|Any CPU
		Release|Any CPU = Release|Any CPU
	EndGlobalSection
	GlobalSection(ProjectConfigurationPlatforms) = postSolution
		{ACB18AEF-3D87-4784-86E9-48AA68E2A8C7}.Debug|Any CPU.ActiveCfg = Debug|Any CPU
		{ACB18AEF-3D87-4784-86E9-48AA68E2A8C7}.Debug|Any CPU.Build.0 = Debug|Any CPU
		{ACB18AEF-3D87-4784-86E9-48AA68E2A8C7}.Release|Any CPU.ActiveCfg = Release|Any CPU
		{ACB18AEF-3D87-4784-86E9-48AA68E2A8C7}.Release|Any CPU.Build.0 = Release|Any CPU
	EndGlobalSection
	GlobalSection(SolutionProperties) = preSolution
		HideSolutionNode = FALSE
	EndGlobalSection
	GlobalSection(ExtensibilityGlobals) = postSolution
		SolutionGuid = {E8118E8E-FA7A-4DB2-8A75-02C0E8789EDC}
	EndGlobalSection
EndGlobal
